
Microsoft Visual Studio Solution File, Format Version 12.00
# Visual Studio Version 16
VisualStudioVersion = 16.0.30011.22
MinimumVisualStudioVersion = 10.0.40219.1
Project("{8BC9CEB8-8B4A-11D0-8D11-00A0C91BC942}") = "NOVEL", "NOVEL\NOVEL.vcxproj", "{E893A9D8-51CF-442E-BD25-9F010BEFE5CB}"
EndProject
Global
	GlobalSection(SolutionConfigurationPlatforms) = preSolution
		Debug|x64 = Debug|x64
		Debug|x86 = Debug|x86
		Release|x64 = Release|x64
		Release|x86 = Release|x86
	EndGlobalSection
	GlobalSection(ProjectConfigurationPlatforms) = postSolution
		{E893A9D8-51CF-442E-BD25-9F010BEFE5CB}.Debug|x64.ActiveCfg = Debug|x64
		{E893A9D8-51CF-442E-BD25-9F010BEFE5CB}.Debug|x64.Build.0 = Debug|x64
		{E893A9D8-51CF-442E-BD25-9F010BEFE5CB}.Debug|x86.ActiveCfg = Debug|Win32
		{E893A9D8-51CF-442E-BD25-9F010BEFE5CB}.Debug|x86.Build.0 = Debug|Win32
		{E893A9D8-51CF-442E-BD25-9F010BEFE5CB}.Release|x64.ActiveCfg = Release|x64
		{E893A9D8-51CF-442E-BD25-9F010BEFE5CB}.Release|x64.Build.0 = Release|x64
		{E893A9D8-51CF-442E-BD25-9F010BEFE5CB}.Release|x86.ActiveCfg = Release|Win32
		{E893A9D8-51CF-442E-BD25-9F010BEFE5CB}.Release|x86.Build.0 = Release|Win32
	EndGlobalSection
	GlobalSection(SolutionProperties) = preSolution
		HideSolutionNode = FALSE
	EndGlobalSection
	GlobalSection(ExtensibilityGlobals) = postSolution
		SolutionGuid = {A24CD647-B91A-41BF-A2B9-2217C3DCA9AB}
	EndGlobalSection
EndGlobal
